// !$*UTF8*$!
{
	archiveVersion = 1;
	classes = {
	};
	objectVersion = 55;
	objects = {

/* Begin PBXBuildFile section */
		7868CCDB28FA0D1B0063EBCE /* ModelBanner.swift in Sources */ = {isa = PBXBuildFile; fileRef = 7868CCDA28FA0D1B0063EBCE /* ModelBanner.swift */; };
		7868CCDD28FA10780063EBCE /* BannersCollectionViewCell.swift in Sources */ = {isa = PBXBuildFile; fileRef = 7868CCDC28FA10780063EBCE /* BannersCollectionViewCell.swift */; };
		7892C4D128F8A7F700A6730F /* ModelMenu.swift in Sources */ = {isa = PBXBuildFile; fileRef = 7892C4D028F8A7F700A6730F /* ModelMenu.swift */; };
		7892C4D328F8B20600A6730F /* MenuTableViewCell.swift in Sources */ = {isa = PBXBuildFile; fileRef = 7892C4D228F8B20600A6730F /* MenuTableViewCell.swift */; };
		7892C4D528F8B50200A6730F /* UIView+Extension.swift in Sources */ = {isa = PBXBuildFile; fileRef = 7892C4D428F8B50200A6730F /* UIView+Extension.swift */; };
		78CABA9828F9E2E600B8C6E3 /* CategoryCollectionViewCell.swift in Sources */ = {isa = PBXBuildFile; fileRef = 78CABA9728F9E2E600B8C6E3 /* CategoryCollectionViewCell.swift */; };
		78CABA9A28F9F45E00B8C6E3 /* ModelCategory.swift in Sources */ = {isa = PBXBuildFile; fileRef = 78CABA9928F9F45E00B8C6E3 /* ModelCategory.swift */; };
		78CABAA328F9F81300B8C6E3 /* sf-ui-display-light-58646b33e0551.otf in Resources */ = {isa = PBXBuildFile; fileRef = 78CABA9B28F9F81200B8C6E3 /* sf-ui-display-light-58646b33e0551.otf */; };
		78CABAA428F9F81300B8C6E3 /* sf-ui-display-semibold-58646eddcae92.otf in Resources */ = {isa = PBXBuildFile; fileRef = 78CABA9C28F9F81200B8C6E3 /* sf-ui-display-semibold-58646eddcae92.otf */; };
		78CABAA528F9F81300B8C6E3 /* sf-ui-display-bold-58646a511e3d9.otf in Resources */ = {isa = PBXBuildFile; fileRef = 78CABA9D28F9F81200B8C6E3 /* sf-ui-display-bold-58646a511e3d9.otf */; };
		78CABAA628F9F81300B8C6E3 /* sf-ui-display-heavy-586470160b9e5.otf in Resources */ = {isa = PBXBuildFile; fileRef = 78CABA9E28F9F81200B8C6E3 /* sf-ui-display-heavy-586470160b9e5.otf */; };
		78CABAA728F9F81300B8C6E3 /* sf-ui-display-ultralight-58646b19bf205.otf in Resources */ = {isa = PBXBuildFile; fileRef = 78CABA9F28F9F81300B8C6E3 /* sf-ui-display-ultralight-58646b19bf205.otf */; };
		78CABAA828F9F81300B8C6E3 /* sf-ui-display-black-58646a6b80d5a.otf in Resources */ = {isa = PBXBuildFile; fileRef = 78CABAA028F9F81300B8C6E3 /* sf-ui-display-black-58646a6b80d5a.otf */; };
		78CABAA928F9F81300B8C6E3 /* sf-ui-display-thin-58646e9b26e8b.otf in Resources */ = {isa = PBXBuildFile; fileRef = 78CABAA128F9F81300B8C6E3 /* sf-ui-display-thin-58646e9b26e8b.otf */; };
		78D48A4E28FACEF200E81C7C /* BannersTableViewCell.swift in Sources */ = {isa = PBXBuildFile; fileRef = 78D48A4D28FACEF100E81C7C /* BannersTableViewCell.swift */; };
		78D48A5028FAD52500E81C7C /* CategoryHeaderView.swift in Sources */ = {isa = PBXBuildFile; fileRef = 78D48A4F28FAD52500E81C7C /* CategoryHeaderView.swift */; };
		78D48A7428FB93C500E81C7C /* ModelJSON.swift in Sources */ = {isa = PBXBuildFile; fileRef = 78D48A7328FB93C500E81C7C /* ModelJSON.swift */; };
		78E53B9428F85560007F69A7 /* AppDelegate.swift in Sources */ = {isa = PBXBuildFile; fileRef = 78E53B9328F85560007F69A7 /* AppDelegate.swift */; };
		78E53B9D28F85562007F69A7 /* Assets.xcassets in Resources */ = {isa = PBXBuildFile; fileRef = 78E53B9C28F85562007F69A7 /* Assets.xcassets */; };
		78E53BA028F85562007F69A7 /* LaunchScreen.storyboard in Resources */ = {isa = PBXBuildFile; fileRef = 78E53B9E28F85562007F69A7 /* LaunchScreen.storyboard */; };
		78E53BA828F85C4F007F69A7 /* MainTabBarViewController.swift in Sources */ = {isa = PBXBuildFile; fileRef = 78E53BA728F85C4F007F69A7 /* MainTabBarViewController.swift */; };
		78E53BAB28F85E71007F69A7 /* MenuViewController.swift in Sources */ = {isa = PBXBuildFile; fileRef = 78E53BAA28F85E71007F69A7 /* MenuViewController.swift */; };
		78E53BAD28F85E82007F69A7 /* ContactsViewController.swift in Sources */ = {isa = PBXBuildFile; fileRef = 78E53BAC28F85E82007F69A7 /* ContactsViewController.swift */; };
		78E53BAF28F85E9E007F69A7 /* ProfileViewController.swift in Sources */ = {isa = PBXBuildFile; fileRef = 78E53BAE28F85E9E007F69A7 /* ProfileViewController.swift */; };
		78E53BB128F85EBE007F69A7 /* BasketViewController.swift in Sources */ = {isa = PBXBuildFile; fileRef = 78E53BB028F85EBE007F69A7 /* BasketViewController.swift */; };
		78E53BB428F87E0F007F69A7 /* sf-ui-display-medium.otf in Resources */ = {isa = PBXBuildFile; fileRef = 78E53BB328F87E0F007F69A7 /* sf-ui-display-medium.otf */; };
/* End PBXBuildFile section */

/* Begin PBXFileReference section */
		7868CCDA28FA0D1B0063EBCE /* ModelBanner.swift */ = {isa = PBXFileReference; lastKnownFileType = sourcecode.swift; path = ModelBanner.swift; sourceTree = "<group>"; };
		7868CCDC28FA10780063EBCE /* BannersCollectionViewCell.swift */ = {isa = PBXFileReference; lastKnownFileType = sourcecode.swift; path = BannersCollectionViewCell.swift; sourceTree = "<group>"; };
		7892C4D028F8A7F700A6730F /* ModelMenu.swift */ = {isa = PBXFileReference; lastKnownFileType = sourcecode.swift; path = ModelMenu.swift; sourceTree = "<group>"; };
		7892C4D228F8B20600A6730F /* MenuTableViewCell.swift */ = {isa = PBXFileReference; lastKnownFileType = sourcecode.swift; path = MenuTableViewCell.swift; sourceTree = "<group>"; };
		7892C4D428F8B50200A6730F /* UIView+Extension.swift */ = {isa = PBXFileReference; lastKnownFileType = sourcecode.swift; path = "UIView+Extension.swift"; sourceTree = "<group>"; };
		78CABA9728F9E2E600B8C6E3 /* CategoryCollectionViewCell.swift */ = {isa = PBXFileReference; lastKnownFileType = sourcecode.swift; path = CategoryCollectionViewCell.swift; sourceTree = "<group>"; };
		78CABA9928F9F45E00B8C6E3 /* ModelCategory.swift */ = {isa = PBXFileReference; lastKnownFileType = sourcecode.swift; path = ModelCategory.swift; sourceTree = "<group>"; };
		78CABA9B28F9F81200B8C6E3 /* sf-ui-display-light-58646b33e0551.otf */ = {isa = PBXFileReference; lastKnownFileType = file; path = "sf-ui-display-light-58646b33e0551.otf"; sourceTree = "<group>"; };
		78CABA9C28F9F81200B8C6E3 /* sf-ui-display-semibold-58646eddcae92.otf */ = {isa = PBXFileReference; lastKnownFileType = file; path = "sf-ui-display-semibold-58646eddcae92.otf"; sourceTree = "<group>"; };
		78CABA9D28F9F81200B8C6E3 /* sf-ui-display-bold-58646a511e3d9.otf */ = {isa = PBXFileReference; lastKnownFileType = file; path = "sf-ui-display-bold-58646a511e3d9.otf"; sourceTree = "<group>"; };
		78CABA9E28F9F81200B8C6E3 /* sf-ui-display-heavy-586470160b9e5.otf */ = {isa = PBXFileReference; lastKnownFileType = file; path = "sf-ui-display-heavy-586470160b9e5.otf"; sourceTree = "<group>"; };
		78CABA9F28F9F81300B8C6E3 /* sf-ui-display-ultralight-58646b19bf205.otf */ = {isa = PBXFileReference; lastKnownFileType = file; path = "sf-ui-display-ultralight-58646b19bf205.otf"; sourceTree = "<group>"; };
		78CABAA028F9F81300B8C6E3 /* sf-ui-display-black-58646a6b80d5a.otf */ = {isa = PBXFileReference; lastKnownFileType = file; path = "sf-ui-display-black-58646a6b80d5a.otf"; sourceTree = "<group>"; };
		78CABAA128F9F81300B8C6E3 /* sf-ui-display-thin-58646e9b26e8b.otf */ = {isa = PBXFileReference; lastKnownFileType = file; path = "sf-ui-display-thin-58646e9b26e8b.otf"; sourceTree = "<group>"; };
		78D48A4D28FACEF100E81C7C /* BannersTableViewCell.swift */ = {isa = PBXFileReference; lastKnownFileType = sourcecode.swift; path = BannersTableViewCell.swift; sourceTree = "<group>"; };
		78D48A4F28FAD52500E81C7C /* CategoryHeaderView.swift */ = {isa = PBXFileReference; lastKnownFileType = sourcecode.swift; path = CategoryHeaderView.swift; sourceTree = "<group>"; };
		78D48A7328FB93C500E81C7C /* ModelJSON.swift */ = {isa = PBXFileReference; lastKnownFileType = sourcecode.swift; path = ModelJSON.swift; sourceTree = "<group>"; };
		78E53B9028F85560007F69A7 /* TestHammerSystem.app */ = {isa = PBXFileReference; explicitFileType = wrapper.application; includeInIndex = 0; path = TestHammerSystem.app; sourceTree = BUILT_PRODUCTS_DIR; };
		78E53B9328F85560007F69A7 /* AppDelegate.swift */ = {isa = PBXFileReference; lastKnownFileType = sourcecode.swift; path = AppDelegate.swift; sourceTree = "<group>"; };
		78E53B9C28F85562007F69A7 /* Assets.xcassets */ = {isa = PBXFileReference; lastKnownFileType = folder.assetcatalog; path = Assets.xcassets; sourceTree = "<group>"; };
		78E53B9F28F85562007F69A7 /* Base */ = {isa = PBXFileReference; lastKnownFileType = file.storyboard; name = Base; path = Base.lproj/LaunchScreen.storyboard; sourceTree = "<group>"; };
		78E53BA128F85562007F69A7 /* Info.plist */ = {isa = PBXFileReference; lastKnownFileType = text.plist.xml; path = Info.plist; sourceTree = "<group>"; };
		78E53BA728F85C4F007F69A7 /* MainTabBarViewController.swift */ = {isa = PBXFileReference; lastKnownFileType = sourcecode.swift; path = MainTabBarViewController.swift; sourceTree = "<group>"; };
		78E53BAA28F85E71007F69A7 /* MenuViewController.swift */ = {isa = PBXFileReference; lastKnownFileType = sourcecode.swift; path = MenuViewController.swift; sourceTree = "<group>"; };
		78E53BAC28F85E82007F69A7 /* ContactsViewController.swift */ = {isa = PBXFileReference; lastKnownFileType = sourcecode.swift; path = ContactsViewController.swift; sourceTree = "<group>"; };
		78E53BAE28F85E9E007F69A7 /* ProfileViewController.swift */ = {isa = PBXFileReference; lastKnownFileType = sourcecode.swift; path = ProfileViewController.swift; sourceTree = "<group>"; };
		78E53BB028F85EBE007F69A7 /* BasketViewController.swift */ = {isa = PBXFileReference; lastKnownFileType = sourcecode.swift; path = BasketViewController.swift; sourceTree = "<group>"; };
		78E53BB328F87E0F007F69A7 /* sf-ui-display-medium.otf */ = {isa = PBXFileReference; lastKnownFileType = file; path = "sf-ui-display-medium.otf"; sourceTree = "<group>"; };
/* End PBXFileReference section */

/* Begin PBXFrameworksBuildPhase section */
		78E53B8D28F85560007F69A7 /* Frameworks */ = {
			isa = PBXFrameworksBuildPhase;
			buildActionMask = 2147483647;
			files = (
			);
			runOnlyForDeploymentPostprocessing = 0;
		};
/* End PBXFrameworksBuildPhase section */

/* Begin PBXGroup section */
		78E53B8728F85560007F69A7 = {
			isa = PBXGroup;
			children = (
				78E53B9228F85560007F69A7 /* TestHammerSystem */,
				78E53B9128F85560007F69A7 /* Products */,
			);
			sourceTree = "<group>";
		};
		78E53B9128F85560007F69A7 /* Products */ = {
			isa = PBXGroup;
			children = (
				78E53B9028F85560007F69A7 /* TestHammerSystem.app */,
			);
			name = Products;
			sourceTree = "<group>";
		};
		78E53B9228F85560007F69A7 /* TestHammerSystem */ = {
			isa = PBXGroup;
			children = (
				78E53BB228F87D60007F69A7 /* Fonts */,
				78E53BA928F85E0F007F69A7 /* TabBarView */,
				78E53B9328F85560007F69A7 /* AppDelegate.swift */,
				78E53BA728F85C4F007F69A7 /* MainTabBarViewController.swift */,
				78D48A7328FB93C500E81C7C /* ModelJSON.swift */,
				7892C4D028F8A7F700A6730F /* ModelMenu.swift */,
				78CABA9928F9F45E00B8C6E3 /* ModelCategory.swift */,
				7868CCDA28FA0D1B0063EBCE /* ModelBanner.swift */,
				7892C4D228F8B20600A6730F /* MenuTableViewCell.swift */,
				7868CCDC28FA10780063EBCE /* BannersCollectionViewCell.swift */,
				78D48A4D28FACEF100E81C7C /* BannersTableViewCell.swift */,
				78CABA9728F9E2E600B8C6E3 /* CategoryCollectionViewCell.swift */,
				78D48A4F28FAD52500E81C7C /* CategoryHeaderView.swift */,
				7892C4D428F8B50200A6730F /* UIView+Extension.swift */,
				78E53B9C28F85562007F69A7 /* Assets.xcassets */,
				78E53B9E28F85562007F69A7 /* LaunchScreen.storyboard */,
				78E53BA128F85562007F69A7 /* Info.plist */,
			);
			path = TestHammerSystem;
			sourceTree = "<group>";
		};
		78E53BA928F85E0F007F69A7 /* TabBarView */ = {
			isa = PBXGroup;
			children = (
				78E53BAA28F85E71007F69A7 /* MenuViewController.swift */,
				78E53BAC28F85E82007F69A7 /* ContactsViewController.swift */,
				78E53BAE28F85E9E007F69A7 /* ProfileViewController.swift */,
				78E53BB028F85EBE007F69A7 /* BasketViewController.swift */,
			);
			path = TabBarView;
			sourceTree = "<group>";
		};
		78E53BB228F87D60007F69A7 /* Fonts */ = {
			isa = PBXGroup;
			children = (
				78CABAA028F9F81300B8C6E3 /* sf-ui-display-black-58646a6b80d5a.otf */,
				78CABA9D28F9F81200B8C6E3 /* sf-ui-display-bold-58646a511e3d9.otf */,
				78CABA9E28F9F81200B8C6E3 /* sf-ui-display-heavy-586470160b9e5.otf */,
				78CABA9B28F9F81200B8C6E3 /* sf-ui-display-light-58646b33e0551.otf */,
				78CABA9C28F9F81200B8C6E3 /* sf-ui-display-semibold-58646eddcae92.otf */,
				78CABAA128F9F81300B8C6E3 /* sf-ui-display-thin-58646e9b26e8b.otf */,
				78CABA9F28F9F81300B8C6E3 /* sf-ui-display-ultralight-58646b19bf205.otf */,
				78E53BB328F87E0F007F69A7 /* sf-ui-display-medium.otf */,
			);
			path = Fonts;
			sourceTree = "<group>";
		};
/* End PBXGroup section */

/* Begin PBXNativeTarget section */
		78E53B8F28F85560007F69A7 /* TestHammerSystem */ = {
			isa = PBXNativeTarget;
			buildConfigurationList = 78E53BA428F85562007F69A7 /* Build configuration list for PBXNativeTarget "TestHammerSystem" */;
			buildPhases = (
				78E53B8C28F85560007F69A7 /* Sources */,
				78E53B8D28F85560007F69A7 /* Frameworks */,
				78E53B8E28F85560007F69A7 /* Resources */,
			);
			buildRules = (
			);
			dependencies = (
			);
			name = TestHammerSystem;
			productName = TestHammerSystem;
			productReference = 78E53B9028F85560007F69A7 /* TestHammerSystem.app */;
			productType = "com.apple.product-type.application";
		};
/* End PBXNativeTarget section */

/* Begin PBXProject section */
		78E53B8828F85560007F69A7 /* Project object */ = {
			isa = PBXProject;
			attributes = {
				BuildIndependentTargetsInParallel = 1;
				LastSwiftUpdateCheck = 1330;
				LastUpgradeCheck = 1330;
				TargetAttributes = {
					78E53B8F28F85560007F69A7 = {
						CreatedOnToolsVersion = 13.3;
					};
				};
			};
			buildConfigurationList = 78E53B8B28F85560007F69A7 /* Build configuration list for PBXProject "TestHammerSystem" */;
			compatibilityVersion = "Xcode 13.0";
			developmentRegion = en;
			hasScannedForEncodings = 0;
			knownRegions = (
				en,
				Base,
			);
			mainGroup = 78E53B8728F85560007F69A7;
			productRefGroup = 78E53B9128F85560007F69A7 /* Products */;
			projectDirPath = "";
			projectRoot = "";
			targets = (
				78E53B8F28F85560007F69A7 /* TestHammerSystem */,
			);
		};
/* End PBXProject section */

/* Begin PBXResourcesBuildPhase section */
		78E53B8E28F85560007F69A7 /* Resources */ = {
			isa = PBXResourcesBuildPhase;
			buildActionMask = 2147483647;
			files = (
				78E53BA028F85562007F69A7 /* LaunchScreen.storyboard in Resources */,
				78CABAA928F9F81300B8C6E3 /* sf-ui-display-thin-58646e9b26e8b.otf in Resources */,
				78E53BB428F87E0F007F69A7 /* sf-ui-display-medium.otf in Resources */,
				78CABAA728F9F81300B8C6E3 /* sf-ui-display-ultralight-58646b19bf205.otf in Resources */,
				78CABAA428F9F81300B8C6E3 /* sf-ui-display-semibold-58646eddcae92.otf in Resources */,
				78CABAA328F9F81300B8C6E3 /* sf-ui-display-light-58646b33e0551.otf in Resources */,
				78E53B9D28F85562007F69A7 /* Assets.xcassets in Resources */,
				78CABAA828F9F81300B8C6E3 /* sf-ui-display-black-58646a6b80d5a.otf in Resources */,
				78CABAA528F9F81300B8C6E3 /* sf-ui-display-bold-58646a511e3d9.otf in Resources */,
				78CABAA628F9F81300B8C6E3 /* sf-ui-display-heavy-586470160b9e5.otf in Resources */,
			);
			runOnlyForDeploymentPostprocessing = 0;
		};
/* End PBXResourcesBuildPhase section */

/* Begin PBXSourcesBuildPhase section */
		78E53B8C28F85560007F69A7 /* Sources */ = {
			isa = PBXSourcesBuildPhase;
			buildActionMask = 2147483647;
			files = (
				7868CCDB28FA0D1B0063EBCE /* ModelBanner.swift in Sources */,
				7892C4D528F8B50200A6730F /* UIView+Extension.swift in Sources */,
				78E53BAF28F85E9E007F69A7 /* ProfileViewController.swift in Sources */,
				78E53BA828F85C4F007F69A7 /* MainTabBarViewController.swift in Sources */,
				78E53BB128F85EBE007F69A7 /* BasketViewController.swift in Sources */,
				78D48A7428FB93C500E81C7C /* ModelJSON.swift in Sources */,
				78D48A5028FAD52500E81C7C /* CategoryHeaderView.swift in Sources */,
				7892C4D128F8A7F700A6730F /* ModelMenu.swift in Sources */,
				7868CCDD28FA10780063EBCE /* BannersCollectionViewCell.swift in Sources */,
				78CABA9A28F9F45E00B8C6E3 /* ModelCategory.swift in Sources */,
				7892C4D328F8B20600A6730F /* MenuTableViewCell.swift in Sources */,
				78D48A4E28FACEF200E81C7C /* BannersTableViewCell.swift in Sources */,
				78CABA9828F9E2E600B8C6E3 /* CategoryCollectionViewCell.swift in Sources */,
				78E53B9428F85560007F69A7 /* AppDelegate.swift in Sources */,
				78E53BAB28F85E71007F69A7 /* MenuViewController.swift in Sources */,
				78E53BAD28F85E82007F69A7 /* ContactsViewController.swift in Sources */,
			);
			runOnlyForDeploymentPostprocessing = 0;
		};
/* End PBXSourcesBuildPhase section */

/* Begin PBXVariantGroup section */
		78E53B9E28F85562007F69A7 /* LaunchScreen.storyboard */ = {
			isa = PBXVariantGroup;
			children = (
				78E53B9F28F85562007F69A7 /* Base */,
			);
			name = LaunchScreen.storyboard;
			sourceTree = "<group>";
		};
/* End PBXVariantGroup section */

/* Begin XCBuildConfiguration section */
		78E53BA228F85562007F69A7 /* Debug */ = {
			isa = XCBuildConfiguration;
			buildSettings = {
				ALWAYS_SEARCH_USER_PATHS = NO;
				CLANG_ANALYZER_NONNULL = YES;
				CLANG_ANALYZER_NUMBER_OBJECT_CONVERSION = YES_AGGRESSIVE;
				CLANG_CXX_LANGUAGE_STANDARD = "gnu++17";
				CLANG_ENABLE_MODULES = YES;
				CLANG_ENABLE_OBJC_ARC = YES;
				CLANG_ENABLE_OBJC_WEAK = YES;
				CLANG_WARN_BLOCK_CAPTURE_AUTORELEASING = YES;
				CLANG_WARN_BOOL_CONVERSION = YES;
				CLANG_WARN_COMMA = YES;
				CLANG_WARN_CONSTANT_CONVERSION = YES;
				CLANG_WARN_DEPRECATED_OBJC_IMPLEMENTATIONS = YES;
				CLANG_WARN_DIRECT_OBJC_ISA_USAGE = YES_ERROR;
				CLANG_WARN_DOCUMENTATION_COMMENTS = YES;
				CLANG_WARN_EMPTY_BODY = YES;
				CLANG_WARN_ENUM_CONVERSION = YES;
				CLANG_WARN_INFINITE_RECURSION = YES;
				CLANG_WARN_INT_CONVERSION = YES;
				CLANG_WARN_NON_LITERAL_NULL_CONVERSION = YES;
				CLANG_WARN_OBJC_IMPLICIT_RETAIN_SELF = YES;
				CLANG_WARN_OBJC_LITERAL_CONVERSION = YES;
				CLANG_WARN_OBJC_ROOT_CLASS = YES_ERROR;
				CLANG_WARN_QUOTED_INCLUDE_IN_FRAMEWORK_HEADER = YES;
				CLANG_WARN_RANGE_LOOP_ANALYSIS = YES;
				CLANG_WARN_STRICT_PROTOTYPES = YES;
				CLANG_WARN_SUSPICIOUS_MOVE = YES;
				CLANG_WARN_UNGUARDED_AVAILABILITY = YES_AGGRESSIVE;
				CLANG_WARN_UNREACHABLE_CODE = YES;
				CLANG_WARN__DUPLICATE_METHOD_MATCH = YES;
				COPY_PHASE_STRIP = NO;
				DEBUG_INFORMATION_FORMAT = dwarf;
				ENABLE_STRICT_OBJC_MSGSEND = YES;
				ENABLE_TESTABILITY = YES;
				GCC_C_LANGUAGE_STANDARD = gnu11;
				GCC_DYNAMIC_NO_PIC = NO;
				GCC_NO_COMMON_BLOCKS = YES;
				GCC_OPTIMIZATION_LEVEL = 0;
				GCC_PREPROCESSOR_DEFINITIONS = (
					"DEBUG=1",
					"$(inherited)",
				);
				GCC_WARN_64_TO_32_BIT_CONVERSION = YES;
				GCC_WARN_ABOUT_RETURN_TYPE = YES_ERROR;
				GCC_WARN_UNDECLARED_SELECTOR = YES;
				GCC_WARN_UNINITIALIZED_AUTOS = YES_AGGRESSIVE;
				GCC_WARN_UNUSED_FUNCTION = YES;
				GCC_WARN_UNUSED_VARIABLE = YES;
				IPHONEOS_DEPLOYMENT_TARGET = 13.4;
				MTL_ENABLE_DEBUG_INFO = INCLUDE_SOURCE;
				MTL_FAST_MATH = YES;
				ONLY_ACTIVE_ARCH = YES;
				SDKROOT = iphoneos;
				SWIFT_ACTIVE_COMPILATION_CONDITIONS = DEBUG;
				SWIFT_OPTIMIZATION_LEVEL = "-Onone";
			};
			name = Debug;
		};
		78E53BA328F85562007F69A7 /* Release */ = {
			isa = XCBuildConfiguration;
			buildSettings = {
				ALWAYS_SEARCH_USER_PATHS = NO;
				CLANG_ANALYZER_NONNULL = YES;
				CLANG_ANALYZER_NUMBER_OBJECT_CONVERSION = YES_AGGRESSIVE;
				CLANG_CXX_LANGUAGE_STANDARD = "gnu++17";
				CLANG_ENABLE_MODULES = YES;
				CLANG_ENABLE_OBJC_ARC = YES;
				CLANG_ENABLE_OBJC_WEAK = YES;
				CLANG_WARN_BLOCK_CAPTURE_AUTORELEASING = YES;
				CLANG_WARN_BOOL_CONVERSION = YES;
				CLANG_WARN_COMMA = YES;
				CLANG_WARN_CONSTANT_CONVERSION = YES;
				CLANG_WARN_DEPRECATED_OBJC_IMPLEMENTATIONS = YES;
				CLANG_WARN_DIRECT_OBJC_ISA_USAGE = YES_ERROR;
				CLANG_WARN_DOCUMENTATION_COMMENTS = YES;
				CLANG_WARN_EMPTY_BODY = YES;
				CLANG_WARN_ENUM_CONVERSION = YES;
				CLANG_WARN_INFINITE_RECURSION = YES;
				CLANG_WARN_INT_CONVERSION = YES;
				CLANG_WARN_NON_LITERAL_NULL_CONVERSION = YES;
				CLANG_WARN_OBJC_IMPLICIT_RETAIN_SELF = YES;
				CLANG_WARN_OBJC_LITERAL_CONVERSION = YES;
				CLANG_WARN_OBJC_ROOT_CLASS = YES_ERROR;
				CLANG_WARN_QUOTED_INCLUDE_IN_FRAMEWORK_HEADER = YES;
				CLANG_WARN_RANGE_LOOP_ANALYSIS = YES;
				CLANG_WARN_STRICT_PROTOTYPES = YES;
				CLANG_WARN_SUSPICIOUS_MOVE = YES;
				CLANG_WARN_UNGUARDED_AVAILABILITY = YES_AGGRESSIVE;
				CLANG_WARN_UNREACHABLE_CODE = YES;
				CLANG_WARN__DUPLICATE_METHOD_MATCH = YES;
				COPY_PHASE_STRIP = NO;
				DEBUG_INFORMATION_FORMAT = "dwarf-with-dsym";
				ENABLE_NS_ASSERTIONS = NO;
				ENABLE_STRICT_OBJC_MSGSEND = YES;
				GCC_C_LANGUAGE_STANDARD = gnu11;
				GCC_NO_COMMON_BLOCKS = YES;
				GCC_WARN_64_TO_32_BIT_CONVERSION = YES;
				GCC_WARN_ABOUT_RETURN_TYPE = YES_ERROR;
				GCC_WARN_UNDECLARED_SELECTOR = YES;
				GCC_WARN_UNINITIALIZED_AUTOS = YES_AGGRESSIVE;
				GCC_WARN_UNUSED_FUNCTION = YES;
				GCC_WARN_UNUSED_VARIABLE = YES;
				IPHONEOS_DEPLOYMENT_TARGET = 13.4;
				MTL_ENABLE_DEBUG_INFO = NO;
				MTL_FAST_MATH = YES;
				SDKROOT = iphoneos;
				SWIFT_COMPILATION_MODE = wholemodule;
				SWIFT_OPTIMIZATION_LEVEL = "-O";
				VALIDATE_PRODUCT = YES;
			};
			name = Release;
		};
		78E53BA528F85562007F69A7 /* Debug */ = {
			isa = XCBuildConfiguration;
			buildSettings = {
				ASSETCATALOG_COMPILER_APPICON_NAME = AppIcon;
				ASSETCATALOG_COMPILER_GLOBAL_ACCENT_COLOR_NAME = AccentColor;
				CODE_SIGN_STYLE = Automatic;
				CURRENT_PROJECT_VERSION = 1;
				DEVELOPMENT_TEAM = 9J7HQ9NRH8;
				GENERATE_INFOPLIST_FILE = YES;
				INFOPLIST_FILE = TestHammerSystem/Info.plist;
				INFOPLIST_KEY_UIApplicationSupportsIndirectInputEvents = YES;
				INFOPLIST_KEY_UILaunchStoryboardName = LaunchScreen;
				INFOPLIST_KEY_UISupportedInterfaceOrientations_iPad = "UIInterfaceOrientationPortrait UIInterfaceOrientationPortraitUpsideDown UIInterfaceOrientationLandscapeLeft UIInterfaceOrientationLandscapeRight";
				INFOPLIST_KEY_UISupportedInterfaceOrientations_iPhone = "UIInterfaceOrientationPortrait UIInterfaceOrientationLandscapeLeft UIInterfaceOrientationLandscapeRight";
				LD_RUNPATH_SEARCH_PATHS = (
					"$(inherited)",
					"@executable_path/Frameworks",
				);
				MARKETING_VERSION = 1.0;
				PRODUCT_BUNDLE_IDENTIFIER = Test.TestHammerSystem;
				PRODUCT_NAME = "$(TARGET_NAME)";
				SWIFT_EMIT_LOC_STRINGS = YES;
				SWIFT_VERSION = 5.0;
				TARGETED_DEVICE_FAMILY = "1,2";
			};
			name = Debug;
		};
		78E53BA628F85562007F69A7 /* Release */ = {
			isa = XCBuildConfiguration;
			buildSettings = {
				ASSETCATALOG_COMPILER_APPICON_NAME = AppIcon;
				ASSETCATALOG_COMPILER_GLOBAL_ACCENT_COLOR_NAME = AccentColor;
				CODE_SIGN_STYLE = Automatic;
				CURRENT_PROJECT_VERSION = 1;
				DEVELOPMENT_TEAM = 9J7HQ9NRH8;
				GENERATE_INFOPLIST_FILE = YES;
				INFOPLIST_FILE = TestHammerSystem/Info.plist;
				INFOPLIST_KEY_UIApplicationSupportsIndirectInputEvents = YES;
				INFOPLIST_KEY_UILaunchStoryboardName = LaunchScreen;
				INFOPLIST_KEY_UISupportedInterfaceOrientations_iPad = "UIInterfaceOrientationPortrait UIInterfaceOrientationPortraitUpsideDown UIInterfaceOrientationLandscapeLeft UIInterfaceOrientationLandscapeRight";
				INFOPLIST_KEY_UISupportedInterfaceOrientations_iPhone = "UIInterfaceOrientationPortrait UIInterfaceOrientationLandscapeLeft UIInterfaceOrientationLandscapeRight";
				LD_RUNPATH_SEARCH_PATHS = (
					"$(inherited)",
					"@executable_path/Frameworks",
				);
				MARKETING_VERSION = 1.0;
				PRODUCT_BUNDLE_IDENTIFIER = Test.TestHammerSystem;
				PRODUCT_NAME = "$(TARGET_NAME)";
				SWIFT_EMIT_LOC_STRINGS = YES;
				SWIFT_VERSION = 5.0;
				TARGETED_DEVICE_FAMILY = "1,2";
			};
			name = Release;
		};
/* End XCBuildConfiguration section */

/* Begin XCConfigurationList section */
		78E53B8B28F85560007F69A7 /* Build configuration list for PBXProject "TestHammerSystem" */ = {
			isa = XCConfigurationList;
			buildConfigurations = (
				78E53BA228F85562007F69A7 /* Debug */,
				78E53BA328F85562007F69A7 /* Release */,
			);
			defaultConfigurationIsVisible = 0;
			defaultConfigurationName = Release;
		};
		78E53BA428F85562007F69A7 /* Build configuration list for PBXNativeTarget "TestHammerSystem" */ = {
			isa = XCConfigurationList;
			buildConfigurations = (
				78E53BA528F85562007F69A7 /* Debug */,
				78E53BA628F85562007F69A7 /* Release */,
			);
			defaultConfigurationIsVisible = 0;
			defaultConfigurationName = Release;
		};
/* End XCConfigurationList section */
	};
	rootObject = 78E53B8828F85560007F69A7 /* Project object */;
}
